
Microsoft Visual Studio Solution File, Format Version 12.00
# Visual Studio Version 16
VisualStudioVersion = 16.0.29102.190
MinimumVisualStudioVersion = 10.0.40219.1
Project("{FAE04EC0-301F-11D3-BF4B-00C04F79EFBC}") = "CriptografiaVigenere", "CriptografiaVigenere\CriptografiaVigenere.csproj", "{816CA2BC-1E82-452D-A87A-1741C1B75ED8}"
EndProject
Global
	GlobalSection(SolutionConfigurationPlatforms) = preSolution
		Debug|Any CPU = Debug|Any CPU
		Release|Any CPU = Release|Any CPU
	EndGlobalSection
	GlobalSection(ProjectConfigurationPlatforms) = postSolution
		{816CA2BC-1E82-452D-A87A-1741C1B75ED8}.Debug|Any CPU.ActiveCfg = Debug|Any CPU
		{816CA2BC-1E82-452D-A87A-1741C1B75ED8}.Debug|Any CPU.Build.0 = Debug|Any CPU
		{816CA2BC-1E82-452D-A87A-1741C1B75ED8}.Release|Any CPU.ActiveCfg = Release|Any CPU
		{816CA2BC-1E82-452D-A87A-1741C1B75ED8}.Release|Any CPU.Build.0 = Release|Any CPU
	EndGlobalSection
	GlobalSection(SolutionProperties) = preSolution
		HideSolutionNode = FALSE
	EndGlobalSection
	GlobalSection(ExtensibilityGlobals) = postSolution
		SolutionGuid = {D016BFD3-A76E-4294-86EA-DEE326BC2321}
	EndGlobalSection
EndGlobal
