
Microsoft Visual Studio Solution File, Format Version 12.00
# Visual Studio Version 16
VisualStudioVersion = 16.0.29102.190
MinimumVisualStudioVersion = 10.0.40219.1
Project("{FAE04EC0-301F-11D3-BF4B-00C04F79EFBC}") = "CriptografiaCesar", "CriptografiaCesar\CriptografiaCesar.csproj", "{EA045454-8A38-43EF-8D33-AC032AF9716C}"
EndProject
Global
	GlobalSection(SolutionConfigurationPlatforms) = preSolution
		Debug|Any CPU = Debug|Any CPU
		Release|Any CPU = Release|Any CPU
	EndGlobalSection
	GlobalSection(ProjectConfigurationPlatforms) = postSolution
		{EA045454-8A38-43EF-8D33-AC032AF9716C}.Debug|Any CPU.ActiveCfg = Debug|Any CPU
		{EA045454-8A38-43EF-8D33-AC032AF9716C}.Debug|Any CPU.Build.0 = Debug|Any CPU
		{EA045454-8A38-43EF-8D33-AC032AF9716C}.Release|Any CPU.ActiveCfg = Release|Any CPU
		{EA045454-8A38-43EF-8D33-AC032AF9716C}.Release|Any CPU.Build.0 = Release|Any CPU
	EndGlobalSection
	GlobalSection(SolutionProperties) = preSolution
		HideSolutionNode = FALSE
	EndGlobalSection
	GlobalSection(ExtensibilityGlobals) = postSolution
		SolutionGuid = {F53278DE-86C9-4790-94BC-5B6ABA8BB47C}
	EndGlobalSection
EndGlobal
